
Microsoft Visual Studio Solution File, Format Version 12.00
# Visual Studio Version 16
VisualStudioVersion = 16.0.31729.503
MinimumVisualStudioVersion = 10.0.40219.1
Project("{9A19103F-16F7-4668-BE54-9A1E7A4F7556}") = "UnitTest_Mock", "UnitTest_Mock\UnitTest_Mock.csproj", "{8A5B5CC6-2E29-4515-8D84-AEC3B7C9834A}"
EndProject
Project("{FAE04EC0-301F-11D3-BF4B-00C04F79EFBC}") = "UnitTesting", "UnitTesting\UnitTesting.csproj", "{59EE9FED-D990-4FE4-8C28-4433BF694B75}"
	ProjectSection(ProjectDependencies) = postProject
		{8A5B5CC6-2E29-4515-8D84-AEC3B7C9834A} = {8A5B5CC6-2E29-4515-8D84-AEC3B7C9834A}
	EndProjectSection
EndProject
Global
	GlobalSection(SolutionConfigurationPlatforms) = preSolution
		Debug|Any CPU = Debug|Any CPU
		Release|Any CPU = Release|Any CPU
	EndGlobalSection
	GlobalSection(ProjectConfigurationPlatforms) = postSolution
		{8A5B5CC6-2E29-4515-8D84-AEC3B7C9834A}.Debug|Any CPU.ActiveCfg = Debug|Any CPU
		{8A5B5CC6-2E29-4515-8D84-AEC3B7C9834A}.Debug|Any CPU.Build.0 = Debug|Any CPU
		{8A5B5CC6-2E29-4515-8D84-AEC3B7C9834A}.Release|Any CPU.ActiveCfg = Release|Any CPU
		{8A5B5CC6-2E29-4515-8D84-AEC3B7C9834A}.Release|Any CPU.Build.0 = Release|Any CPU
		{59EE9FED-D990-4FE4-8C28-4433BF694B75}.Debug|Any CPU.ActiveCfg = Debug|Any CPU
		{59EE9FED-D990-4FE4-8C28-4433BF694B75}.Debug|Any CPU.Build.0 = Debug|Any CPU
		{59EE9FED-D990-4FE4-8C28-4433BF694B75}.Release|Any CPU.ActiveCfg = Release|Any CPU
		{59EE9FED-D990-4FE4-8C28-4433BF694B75}.Release|Any CPU.Build.0 = Release|Any CPU
	EndGlobalSection
	GlobalSection(SolutionProperties) = preSolution
		HideSolutionNode = FALSE
	EndGlobalSection
	GlobalSection(ExtensibilityGlobals) = postSolution
		SolutionGuid = {0E2B158F-D25A-4782-90CE-5B524513E86C}
	EndGlobalSection
EndGlobal
