
Microsoft Visual Studio Solution File, Format Version 12.00
# Visual Studio Version 16
VisualStudioVersion = 16.0.31729.503
MinimumVisualStudioVersion = 10.0.40219.1
Project("{FAE04EC0-301F-11D3-BF4B-00C04F79EFBC}") = "LoginRegisterForm", "LoginRegisterForm\LoginRegisterForm.csproj", "{3E11061E-68E9-49F6-ADF1-A73CE6F37E3A}"
EndProject
Global
	GlobalSection(SolutionConfigurationPlatforms) = preSolution
		Debug|Any CPU = Debug|Any CPU
		Release|Any CPU = Release|Any CPU
	EndGlobalSection
	GlobalSection(ProjectConfigurationPlatforms) = postSolution
		{3E11061E-68E9-49F6-ADF1-A73CE6F37E3A}.Debug|Any CPU.ActiveCfg = Debug|Any CPU
		{3E11061E-68E9-49F6-ADF1-A73CE6F37E3A}.Debug|Any CPU.Build.0 = Debug|Any CPU
		{3E11061E-68E9-49F6-ADF1-A73CE6F37E3A}.Release|Any CPU.ActiveCfg = Release|Any CPU
		{3E11061E-68E9-49F6-ADF1-A73CE6F37E3A}.Release|Any CPU.Build.0 = Release|Any CPU
	EndGlobalSection
	GlobalSection(SolutionProperties) = preSolution
		HideSolutionNode = FALSE
	EndGlobalSection
	GlobalSection(ExtensibilityGlobals) = postSolution
		SolutionGuid = {924E3339-3E93-491A-BDC0-D7F31D5EDD74}
	EndGlobalSection
EndGlobal
