
Microsoft Visual Studio Solution File, Format Version 12.00
# Visual Studio Version 16
VisualStudioVersion = 16.0.31729.503
MinimumVisualStudioVersion = 10.0.40219.1
Project("{FAE04EC0-301F-11D3-BF4B-00C04F79EFBC}") = "Kantor_WebAPI", "Kantor_WebAPI\Kantor_WebAPI.csproj", "{A0D10E41-0993-4137-8195-5C582D30896B}"
EndProject
Global
	GlobalSection(SolutionConfigurationPlatforms) = preSolution
		Debug|Any CPU = Debug|Any CPU
		Release|Any CPU = Release|Any CPU
	EndGlobalSection
	GlobalSection(ProjectConfigurationPlatforms) = postSolution
		{A0D10E41-0993-4137-8195-5C582D30896B}.Debug|Any CPU.ActiveCfg = Debug|Any CPU
		{A0D10E41-0993-4137-8195-5C582D30896B}.Debug|Any CPU.Build.0 = Debug|Any CPU
		{A0D10E41-0993-4137-8195-5C582D30896B}.Release|Any CPU.ActiveCfg = Release|Any CPU
		{A0D10E41-0993-4137-8195-5C582D30896B}.Release|Any CPU.Build.0 = Release|Any CPU
	EndGlobalSection
	GlobalSection(SolutionProperties) = preSolution
		HideSolutionNode = FALSE
	EndGlobalSection
	GlobalSection(ExtensibilityGlobals) = postSolution
		SolutionGuid = {98C2716A-D9FD-4ADF-A0F1-CDDDD472BDE3}
	EndGlobalSection
EndGlobal
